// !$*UTF8*$!
{
	archiveVersion = 1;
	classes = {
	};
	objectVersion = 56;
	objects = {

/* Begin PBXBuildFile section */
		DD35E4CD2A93FF1C005690F9 /* HeaderView.swift in Sources */ = {isa = PBXBuildFile; fileRef = DD35E4CC2A93FF1C005690F9 /* HeaderView.swift */; };
		DD35E4D02A94013F005690F9 /* Color+Ext.swift in Sources */ = {isa = PBXBuildFile; fileRef = DD35E4CF2A94013F005690F9 /* Color+Ext.swift */; };
		DD35E4D22A940345005690F9 /* PortfolioCard.swift in Sources */ = {isa = PBXBuildFile; fileRef = DD35E4D12A940345005690F9 /* PortfolioCard.swift */; };
		DD35E4D42A967393005690F9 /* StockCard.swift in Sources */ = {isa = PBXBuildFile; fileRef = DD35E4D32A967393005690F9 /* StockCard.swift */; };
		DD35E4D62A9A5E77005690F9 /* WatchlistView.swift in Sources */ = {isa = PBXBuildFile; fileRef = DD35E4D52A9A5E77005690F9 /* WatchlistView.swift */; };
		DD35E4D82A9F4EDF005690F9 /* StockMockData.swift in Sources */ = {isa = PBXBuildFile; fileRef = DD35E4D72A9F4EDF005690F9 /* StockMockData.swift */; };
		DD35E4DA2A9F4F8C005690F9 /* LineChart.swift in Sources */ = {isa = PBXBuildFile; fileRef = DD35E4D92A9F4F8C005690F9 /* LineChart.swift */; };
		DD35E4DC2A9F4FF0005690F9 /* Array+Ext.swift in Sources */ = {isa = PBXBuildFile; fileRef = DD35E4DB2A9F4FF0005690F9 /* Array+Ext.swift */; };
		DE43A0882AE6928B00F698F8 /* APIRequest.swift in Sources */ = {isa = PBXBuildFile; fileRef = DE43A0872AE6928B00F698F8 /* APIRequest.swift */; };
		DE43A08B2AE6956B00F698F8 /* Stock.swift in Sources */ = {isa = PBXBuildFile; fileRef = DE43A08A2AE6956B00F698F8 /* Stock.swift */; };
		DE43A08D2AE697B500F698F8 /* Symbol.swift in Sources */ = {isa = PBXBuildFile; fileRef = DE43A08C2AE697B500F698F8 /* Symbol.swift */; };
		DE43A08F2AE6995700F698F8 /* Candle.swift in Sources */ = {isa = PBXBuildFile; fileRef = DE43A08E2AE6995700F698F8 /* Candle.swift */; };
		DE43A0922AE6B37400F698F8 /* StocksViewModel.swift in Sources */ = {isa = PBXBuildFile; fileRef = DE43A0912AE6B37400F698F8 /* StocksViewModel.swift */; };
		DE43A0952AE6B43F00F698F8 /* StockModel.swift in Sources */ = {isa = PBXBuildFile; fileRef = DE43A0942AE6B43F00F698F8 /* StockModel.swift */; };
		DEB54EE22A9342D2004BCBC4 /* StocksApp_SwiftUIApp.swift in Sources */ = {isa = PBXBuildFile; fileRef = DEB54EE12A9342D2004BCBC4 /* StocksApp_SwiftUIApp.swift */; };
		DEB54EE42A9342D2004BCBC4 /* ContentView.swift in Sources */ = {isa = PBXBuildFile; fileRef = DEB54EE32A9342D2004BCBC4 /* ContentView.swift */; };
		DEB54EE62A9342D3004BCBC4 /* Assets.xcassets in Resources */ = {isa = PBXBuildFile; fileRef = DEB54EE52A9342D3004BCBC4 /* Assets.xcassets */; };
		DEB54EE92A9342D3004BCBC4 /* Preview Assets.xcassets in Resources */ = {isa = PBXBuildFile; fileRef = DEB54EE82A9342D3004BCBC4 /* Preview Assets.xcassets */; };
/* End PBXBuildFile section */

/* Begin PBXFileReference section */
		DD35E4CC2A93FF1C005690F9 /* HeaderView.swift */ = {isa = PBXFileReference; lastKnownFileType = sourcecode.swift; path = HeaderView.swift; sourceTree = "<group>"; };
		DD35E4CF2A94013F005690F9 /* Color+Ext.swift */ = {isa = PBXFileReference; lastKnownFileType = sourcecode.swift; path = "Color+Ext.swift"; sourceTree = "<group>"; };
		DD35E4D12A940345005690F9 /* PortfolioCard.swift */ = {isa = PBXFileReference; lastKnownFileType = sourcecode.swift; path = PortfolioCard.swift; sourceTree = "<group>"; };
		DD35E4D32A967393005690F9 /* StockCard.swift */ = {isa = PBXFileReference; lastKnownFileType = sourcecode.swift; path = StockCard.swift; sourceTree = "<group>"; };
		DD35E4D52A9A5E77005690F9 /* WatchlistView.swift */ = {isa = PBXFileReference; lastKnownFileType = sourcecode.swift; path = WatchlistView.swift; sourceTree = "<group>"; };
		DD35E4D72A9F4EDF005690F9 /* StockMockData.swift */ = {isa = PBXFileReference; lastKnownFileType = sourcecode.swift; path = StockMockData.swift; sourceTree = "<group>"; };
		DD35E4D92A9F4F8C005690F9 /* LineChart.swift */ = {isa = PBXFileReference; lastKnownFileType = sourcecode.swift; path = LineChart.swift; sourceTree = "<group>"; };
		DD35E4DB2A9F4FF0005690F9 /* Array+Ext.swift */ = {isa = PBXFileReference; lastKnownFileType = sourcecode.swift; path = "Array+Ext.swift"; sourceTree = "<group>"; };
		DE43A0872AE6928B00F698F8 /* APIRequest.swift */ = {isa = PBXFileReference; lastKnownFileType = sourcecode.swift; path = APIRequest.swift; sourceTree = "<group>"; };
		DE43A08A2AE6956B00F698F8 /* Stock.swift */ = {isa = PBXFileReference; lastKnownFileType = sourcecode.swift; path = Stock.swift; sourceTree = "<group>"; };
		DE43A08C2AE697B500F698F8 /* Symbol.swift */ = {isa = PBXFileReference; lastKnownFileType = sourcecode.swift; path = Symbol.swift; sourceTree = "<group>"; };
		DE43A08E2AE6995700F698F8 /* Candle.swift */ = {isa = PBXFileReference; lastKnownFileType = sourcecode.swift; path = Candle.swift; sourceTree = "<group>"; };
		DE43A0912AE6B37400F698F8 /* StocksViewModel.swift */ = {isa = PBXFileReference; lastKnownFileType = sourcecode.swift; path = StocksViewModel.swift; sourceTree = "<group>"; };
		DE43A0942AE6B43F00F698F8 /* StockModel.swift */ = {isa = PBXFileReference; lastKnownFileType = sourcecode.swift; path = StockModel.swift; sourceTree = "<group>"; };
		DEB54EDE2A9342D2004BCBC4 /* StocksApp-SwiftUI.app */ = {isa = PBXFileReference; explicitFileType = wrapper.application; includeInIndex = 0; path = "StocksApp-SwiftUI.app"; sourceTree = BUILT_PRODUCTS_DIR; };
		DEB54EE12A9342D2004BCBC4 /* StocksApp_SwiftUIApp.swift */ = {isa = PBXFileReference; lastKnownFileType = sourcecode.swift; path = StocksApp_SwiftUIApp.swift; sourceTree = "<group>"; };
		DEB54EE32A9342D2004BCBC4 /* ContentView.swift */ = {isa = PBXFileReference; lastKnownFileType = sourcecode.swift; path = ContentView.swift; sourceTree = "<group>"; };
		DEB54EE52A9342D3004BCBC4 /* Assets.xcassets */ = {isa = PBXFileReference; lastKnownFileType = folder.assetcatalog; path = Assets.xcassets; sourceTree = "<group>"; };
		DEB54EE82A9342D3004BCBC4 /* Preview Assets.xcassets */ = {isa = PBXFileReference; lastKnownFileType = folder.assetcatalog; path = "Preview Assets.xcassets"; sourceTree = "<group>"; };
/* End PBXFileReference section */

/* Begin PBXFrameworksBuildPhase section */
		DEB54EDB2A9342D2004BCBC4 /* Frameworks */ = {
			isa = PBXFrameworksBuildPhase;
			buildActionMask = 2147483647;
			files = (
			);
			runOnlyForDeploymentPostprocessing = 0;
		};
/* End PBXFrameworksBuildPhase section */

/* Begin PBXGroup section */
		DD35E4CB2A93FF13005690F9 /* Views */ = {
			isa = PBXGroup;
			children = (
				DD35E4CC2A93FF1C005690F9 /* HeaderView.swift */,
				DD35E4D12A940345005690F9 /* PortfolioCard.swift */,
				DD35E4D32A967393005690F9 /* StockCard.swift */,
				DD35E4D52A9A5E77005690F9 /* WatchlistView.swift */,
				DD35E4D92A9F4F8C005690F9 /* LineChart.swift */,
			);
			path = Views;
			sourceTree = "<group>";
		};
		DD35E4CE2A9400DB005690F9 /* Helpers */ = {
			isa = PBXGroup;
			children = (
				DD35E4CF2A94013F005690F9 /* Color+Ext.swift */,
				DD35E4DB2A9F4FF0005690F9 /* Array+Ext.swift */,
			);
			path = Helpers;
			sourceTree = "<group>";
		};
		DE43A0862AE6925100F698F8 /* Request */ = {
			isa = PBXGroup;
			children = (
				DE43A0872AE6928B00F698F8 /* APIRequest.swift */,
			);
			path = Request;
			sourceTree = "<group>";
		};
		DE43A0892AE6955D00F698F8 /* Model */ = {
			isa = PBXGroup;
			children = (
				DE43A0932AE6B42B00F698F8 /* ResponseModels */,
				DE43A0942AE6B43F00F698F8 /* StockModel.swift */,
			);
			path = Model;
			sourceTree = "<group>";
		};
		DE43A0902AE6B36800F698F8 /* ViewModel */ = {
			isa = PBXGroup;
			children = (
				DE43A0912AE6B37400F698F8 /* StocksViewModel.swift */,
			);
			path = ViewModel;
			sourceTree = "<group>";
		};
		DE43A0932AE6B42B00F698F8 /* ResponseModels */ = {
			isa = PBXGroup;
			children = (
				DE43A08A2AE6956B00F698F8 /* Stock.swift */,
				DE43A08C2AE697B500F698F8 /* Symbol.swift */,
				DE43A08E2AE6995700F698F8 /* Candle.swift */,
			);
			path = ResponseModels;
			sourceTree = "<group>";
		};
		DEB54ED52A9342D2004BCBC4 = {
			isa = PBXGroup;
			children = (
				DEB54EE02A9342D2004BCBC4 /* StocksApp-SwiftUI */,
				DEB54EDF2A9342D2004BCBC4 /* Products */,
			);
			sourceTree = "<group>";
		};
		DEB54EDF2A9342D2004BCBC4 /* Products */ = {
			isa = PBXGroup;
			children = (
				DEB54EDE2A9342D2004BCBC4 /* StocksApp-SwiftUI.app */,
			);
			name = Products;
			sourceTree = "<group>";
		};
		DEB54EE02A9342D2004BCBC4 /* StocksApp-SwiftUI */ = {
			isa = PBXGroup;
			children = (
				DE43A0902AE6B36800F698F8 /* ViewModel */,
				DE43A0892AE6955D00F698F8 /* Model */,
				DE43A0862AE6925100F698F8 /* Request */,
				DD35E4CE2A9400DB005690F9 /* Helpers */,
				DD35E4CB2A93FF13005690F9 /* Views */,
				DEB54EE12A9342D2004BCBC4 /* StocksApp_SwiftUIApp.swift */,
				DEB54EE32A9342D2004BCBC4 /* ContentView.swift */,
				DEB54EE52A9342D3004BCBC4 /* Assets.xcassets */,
				DEB54EE72A9342D3004BCBC4 /* Preview Content */,
				DD35E4D72A9F4EDF005690F9 /* StockMockData.swift */,
			);
			path = "StocksApp-SwiftUI";
			sourceTree = "<group>";
		};
		DEB54EE72A9342D3004BCBC4 /* Preview Content */ = {
			isa = PBXGroup;
			children = (
				DEB54EE82A9342D3004BCBC4 /* Preview Assets.xcassets */,
			);
			path = "Preview Content";
			sourceTree = "<group>";
		};
/* End PBXGroup section */

/* Begin PBXNativeTarget section */
		DEB54EDD2A9342D2004BCBC4 /* StocksApp-SwiftUI */ = {
			isa = PBXNativeTarget;
			buildConfigurationList = DEB54EEC2A9342D3004BCBC4 /* Build configuration list for PBXNativeTarget "StocksApp-SwiftUI" */;
			buildPhases = (
				DEB54EDA2A9342D2004BCBC4 /* Sources */,
				DEB54EDB2A9342D2004BCBC4 /* Frameworks */,
				DEB54EDC2A9342D2004BCBC4 /* Resources */,
			);
			buildRules = (
			);
			dependencies = (
			);
			name = "StocksApp-SwiftUI";
			productName = "StocksApp-SwiftUI";
			productReference = DEB54EDE2A9342D2004BCBC4 /* StocksApp-SwiftUI.app */;
			productType = "com.apple.product-type.application";
		};
/* End PBXNativeTarget section */

/* Begin PBXProject section */
		DEB54ED62A9342D2004BCBC4 /* Project object */ = {
			isa = PBXProject;
			attributes = {
				BuildIndependentTargetsInParallel = 1;
				LastSwiftUpdateCheck = 1430;
				LastUpgradeCheck = 1430;
				TargetAttributes = {
					DEB54EDD2A9342D2004BCBC4 = {
						CreatedOnToolsVersion = 14.3;
					};
				};
			};
			buildConfigurationList = DEB54ED92A9342D2004BCBC4 /* Build configuration list for PBXProject "StocksApp-SwiftUI" */;
			compatibilityVersion = "Xcode 14.0";
			developmentRegion = en;
			hasScannedForEncodings = 0;
			knownRegions = (
				en,
				Base,
			);
			mainGroup = DEB54ED52A9342D2004BCBC4;
			productRefGroup = DEB54EDF2A9342D2004BCBC4 /* Products */;
			projectDirPath = "";
			projectRoot = "";
			targets = (
				DEB54EDD2A9342D2004BCBC4 /* StocksApp-SwiftUI */,
			);
		};
/* End PBXProject section */

/* Begin PBXResourcesBuildPhase section */
		DEB54EDC2A9342D2004BCBC4 /* Resources */ = {
			isa = PBXResourcesBuildPhase;
			buildActionMask = 2147483647;
			files = (
				DEB54EE92A9342D3004BCBC4 /* Preview Assets.xcassets in Resources */,
				DEB54EE62A9342D3004BCBC4 /* Assets.xcassets in Resources */,
			);
			runOnlyForDeploymentPostprocessing = 0;
		};
/* End PBXResourcesBuildPhase section */

/* Begin PBXSourcesBuildPhase section */
		DEB54EDA2A9342D2004BCBC4 /* Sources */ = {
			isa = PBXSourcesBuildPhase;
			buildActionMask = 2147483647;
			files = (
				DE43A0952AE6B43F00F698F8 /* StockModel.swift in Sources */,
				DD35E4D22A940345005690F9 /* PortfolioCard.swift in Sources */,
				DEB54EE42A9342D2004BCBC4 /* ContentView.swift in Sources */,
				DE43A08F2AE6995700F698F8 /* Candle.swift in Sources */,
				DE43A08B2AE6956B00F698F8 /* Stock.swift in Sources */,
				DD35E4DA2A9F4F8C005690F9 /* LineChart.swift in Sources */,
				DE43A0922AE6B37400F698F8 /* StocksViewModel.swift in Sources */,
				DD35E4D02A94013F005690F9 /* Color+Ext.swift in Sources */,
				DE43A08D2AE697B500F698F8 /* Symbol.swift in Sources */,
				DD35E4D62A9A5E77005690F9 /* WatchlistView.swift in Sources */,
				DD35E4CD2A93FF1C005690F9 /* HeaderView.swift in Sources */,
				DD35E4D42A967393005690F9 /* StockCard.swift in Sources */,
				DE43A0882AE6928B00F698F8 /* APIRequest.swift in Sources */,
				DD35E4DC2A9F4FF0005690F9 /* Array+Ext.swift in Sources */,
				DD35E4D82A9F4EDF005690F9 /* StockMockData.swift in Sources */,
				DEB54EE22A9342D2004BCBC4 /* StocksApp_SwiftUIApp.swift in Sources */,
			);
			runOnlyForDeploymentPostprocessing = 0;
		};
/* End PBXSourcesBuildPhase section */

/* Begin XCBuildConfiguration section */
		DEB54EEA2A9342D3004BCBC4 /* Debug */ = {
			isa = XCBuildConfiguration;
			buildSettings = {
				ALWAYS_SEARCH_USER_PATHS = NO;
				CLANG_ANALYZER_NONNULL = YES;
				CLANG_ANALYZER_NUMBER_OBJECT_CONVERSION = YES_AGGRESSIVE;
				CLANG_CXX_LANGUAGE_STANDARD = "gnu++20";
				CLANG_ENABLE_MODULES = YES;
				CLANG_ENABLE_OBJC_ARC = YES;
				CLANG_ENABLE_OBJC_WEAK = YES;
				CLANG_WARN_BLOCK_CAPTURE_AUTORELEASING = YES;
				CLANG_WARN_BOOL_CONVERSION = YES;
				CLANG_WARN_COMMA = YES;
				CLANG_WARN_CONSTANT_CONVERSION = YES;
				CLANG_WARN_DEPRECATED_OBJC_IMPLEMENTATIONS = YES;
				CLANG_WARN_DIRECT_OBJC_ISA_USAGE = YES_ERROR;
				CLANG_WARN_DOCUMENTATION_COMMENTS = YES;
				CLANG_WARN_EMPTY_BODY = YES;
				CLANG_WARN_ENUM_CONVERSION = YES;
				CLANG_WARN_INFINITE_RECURSION = YES;
				CLANG_WARN_INT_CONVERSION = YES;
				CLANG_WARN_NON_LITERAL_NULL_CONVERSION = YES;
				CLANG_WARN_OBJC_IMPLICIT_RETAIN_SELF = YES;
				CLANG_WARN_OBJC_LITERAL_CONVERSION = YES;
				CLANG_WARN_OBJC_ROOT_CLASS = YES_ERROR;
				CLANG_WARN_QUOTED_INCLUDE_IN_FRAMEWORK_HEADER = YES;
				CLANG_WARN_RANGE_LOOP_ANALYSIS = YES;
				CLANG_WARN_STRICT_PROTOTYPES = YES;
				CLANG_WARN_SUSPICIOUS_MOVE = YES;
				CLANG_WARN_UNGUARDED_AVAILABILITY = YES_AGGRESSIVE;
				CLANG_WARN_UNREACHABLE_CODE = YES;
				CLANG_WARN__DUPLICATE_METHOD_MATCH = YES;
				COPY_PHASE_STRIP = NO;
				DEBUG_INFORMATION_FORMAT = dwarf;
				ENABLE_STRICT_OBJC_MSGSEND = YES;
				ENABLE_TESTABILITY = YES;
				GCC_C_LANGUAGE_STANDARD = gnu11;
				GCC_DYNAMIC_NO_PIC = NO;
				GCC_NO_COMMON_BLOCKS = YES;
				GCC_OPTIMIZATION_LEVEL = 0;
				GCC_PREPROCESSOR_DEFINITIONS = (
					"DEBUG=1",
					"$(inherited)",
				);
				GCC_WARN_64_TO_32_BIT_CONVERSION = YES;
				GCC_WARN_ABOUT_RETURN_TYPE = YES_ERROR;
				GCC_WARN_UNDECLARED_SELECTOR = YES;
				GCC_WARN_UNINITIALIZED_AUTOS = YES_AGGRESSIVE;
				GCC_WARN_UNUSED_FUNCTION = YES;
				GCC_WARN_UNUSED_VARIABLE = YES;
				IPHONEOS_DEPLOYMENT_TARGET = 16.4;
				MTL_ENABLE_DEBUG_INFO = INCLUDE_SOURCE;
				MTL_FAST_MATH = YES;
				ONLY_ACTIVE_ARCH = YES;
				SDKROOT = iphoneos;
				SWIFT_ACTIVE_COMPILATION_CONDITIONS = DEBUG;
				SWIFT_OPTIMIZATION_LEVEL = "-Onone";
			};
			name = Debug;
		};
		DEB54EEB2A9342D3004BCBC4 /* Release */ = {
			isa = XCBuildConfiguration;
			buildSettings = {
				ALWAYS_SEARCH_USER_PATHS = NO;
				CLANG_ANALYZER_NONNULL = YES;
				CLANG_ANALYZER_NUMBER_OBJECT_CONVERSION = YES_AGGRESSIVE;
				CLANG_CXX_LANGUAGE_STANDARD = "gnu++20";
				CLANG_ENABLE_MODULES = YES;
				CLANG_ENABLE_OBJC_ARC = YES;
				CLANG_ENABLE_OBJC_WEAK = YES;
				CLANG_WARN_BLOCK_CAPTURE_AUTORELEASING = YES;
				CLANG_WARN_BOOL_CONVERSION = YES;
				CLANG_WARN_COMMA = YES;
				CLANG_WARN_CONSTANT_CONVERSION = YES;
				CLANG_WARN_DEPRECATED_OBJC_IMPLEMENTATIONS = YES;
				CLANG_WARN_DIRECT_OBJC_ISA_USAGE = YES_ERROR;
				CLANG_WARN_DOCUMENTATION_COMMENTS = YES;
				CLANG_WARN_EMPTY_BODY = YES;
				CLANG_WARN_ENUM_CONVERSION = YES;
				CLANG_WARN_INFINITE_RECURSION = YES;
				CLANG_WARN_INT_CONVERSION = YES;
				CLANG_WARN_NON_LITERAL_NULL_CONVERSION = YES;
				CLANG_WARN_OBJC_IMPLICIT_RETAIN_SELF = YES;
				CLANG_WARN_OBJC_LITERAL_CONVERSION = YES;
				CLANG_WARN_OBJC_ROOT_CLASS = YES_ERROR;
				CLANG_WARN_QUOTED_INCLUDE_IN_FRAMEWORK_HEADER = YES;
				CLANG_WARN_RANGE_LOOP_ANALYSIS = YES;
				CLANG_WARN_STRICT_PROTOTYPES = YES;
				CLANG_WARN_SUSPICIOUS_MOVE = YES;
				CLANG_WARN_UNGUARDED_AVAILABILITY = YES_AGGRESSIVE;
				CLANG_WARN_UNREACHABLE_CODE = YES;
				CLANG_WARN__DUPLICATE_METHOD_MATCH = YES;
				COPY_PHASE_STRIP = NO;
				DEBUG_INFORMATION_FORMAT = "dwarf-with-dsym";
				ENABLE_NS_ASSERTIONS = NO;
				ENABLE_STRICT_OBJC_MSGSEND = YES;
				GCC_C_LANGUAGE_STANDARD = gnu11;
				GCC_NO_COMMON_BLOCKS = YES;
				GCC_WARN_64_TO_32_BIT_CONVERSION = YES;
				GCC_WARN_ABOUT_RETURN_TYPE = YES_ERROR;
				GCC_WARN_UNDECLARED_SELECTOR = YES;
				GCC_WARN_UNINITIALIZED_AUTOS = YES_AGGRESSIVE;
				GCC_WARN_UNUSED_FUNCTION = YES;
				GCC_WARN_UNUSED_VARIABLE = YES;
				IPHONEOS_DEPLOYMENT_TARGET = 16.4;
				MTL_ENABLE_DEBUG_INFO = NO;
				MTL_FAST_MATH = YES;
				SDKROOT = iphoneos;
				SWIFT_COMPILATION_MODE = wholemodule;
				SWIFT_OPTIMIZATION_LEVEL = "-O";
				VALIDATE_PRODUCT = YES;
			};
			name = Release;
		};
		DEB54EED2A9342D3004BCBC4 /* Debug */ = {
			isa = XCBuildConfiguration;
			buildSettings = {
				ASSETCATALOG_COMPILER_APPICON_NAME = AppIcon;
				ASSETCATALOG_COMPILER_GLOBAL_ACCENT_COLOR_NAME = AccentColor;
				CODE_SIGN_STYLE = Automatic;
				CURRENT_PROJECT_VERSION = 1;
				DEVELOPMENT_ASSET_PATHS = "\"StocksApp-SwiftUI/Preview Content\"";
				DEVELOPMENT_TEAM = JKQNUCPDQL;
				ENABLE_PREVIEWS = YES;
				GENERATE_INFOPLIST_FILE = YES;
				INFOPLIST_KEY_UIApplicationSceneManifest_Generation = YES;
				INFOPLIST_KEY_UIApplicationSupportsIndirectInputEvents = YES;
				INFOPLIST_KEY_UILaunchScreen_Generation = YES;
				INFOPLIST_KEY_UISupportedInterfaceOrientations_iPad = "UIInterfaceOrientationPortrait UIInterfaceOrientationPortraitUpsideDown UIInterfaceOrientationLandscapeLeft UIInterfaceOrientationLandscapeRight";
				INFOPLIST_KEY_UISupportedInterfaceOrientations_iPhone = "UIInterfaceOrientationPortrait UIInterfaceOrientationLandscapeLeft UIInterfaceOrientationLandscapeRight";
				IPHONEOS_DEPLOYMENT_TARGET = 15.0;
				LD_RUNPATH_SEARCH_PATHS = (
					"$(inherited)",
					"@executable_path/Frameworks",
				);
				MARKETING_VERSION = 1.0;
				PRODUCT_BUNDLE_IDENTIFIER = "com.agorkem.StocksApp-SwiftUI";
				PRODUCT_NAME = "$(TARGET_NAME)";
				SWIFT_EMIT_LOC_STRINGS = YES;
				SWIFT_VERSION = 5.0;
				TARGETED_DEVICE_FAMILY = "1,2";
			};
			name = Debug;
		};
		DEB54EEE2A9342D3004BCBC4 /* Release */ = {
			isa = XCBuildConfiguration;
			buildSettings = {
				ASSETCATALOG_COMPILER_APPICON_NAME = AppIcon;
				ASSETCATALOG_COMPILER_GLOBAL_ACCENT_COLOR_NAME = AccentColor;
				CODE_SIGN_STYLE = Automatic;
				CURRENT_PROJECT_VERSION = 1;
				DEVELOPMENT_ASSET_PATHS = "\"StocksApp-SwiftUI/Preview Content\"";
				DEVELOPMENT_TEAM = JKQNUCPDQL;
				ENABLE_PREVIEWS = YES;
				GENERATE_INFOPLIST_FILE = YES;
				INFOPLIST_KEY_UIApplicationSceneManifest_Generation = YES;
				INFOPLIST_KEY_UIApplicationSupportsIndirectInputEvents = YES;
				INFOPLIST_KEY_UILaunchScreen_Generation = YES;
				INFOPLIST_KEY_UISupportedInterfaceOrientations_iPad = "UIInterfaceOrientationPortrait UIInterfaceOrientationPortraitUpsideDown UIInterfaceOrientationLandscapeLeft UIInterfaceOrientationLandscapeRight";
				INFOPLIST_KEY_UISupportedInterfaceOrientations_iPhone = "UIInterfaceOrientationPortrait UIInterfaceOrientationLandscapeLeft UIInterfaceOrientationLandscapeRight";
				IPHONEOS_DEPLOYMENT_TARGET = 15.0;
				LD_RUNPATH_SEARCH_PATHS = (
					"$(inherited)",
					"@executable_path/Frameworks",
				);
				MARKETING_VERSION = 1.0;
				PRODUCT_BUNDLE_IDENTIFIER = "com.agorkem.StocksApp-SwiftUI";
				PRODUCT_NAME = "$(TARGET_NAME)";
				SWIFT_EMIT_LOC_STRINGS = YES;
				SWIFT_VERSION = 5.0;
				TARGETED_DEVICE_FAMILY = "1,2";
			};
			name = Release;
		};
/* End XCBuildConfiguration section */

/* Begin XCConfigurationList section */
		DEB54ED92A9342D2004BCBC4 /* Build configuration list for PBXProject "StocksApp-SwiftUI" */ = {
			isa = XCConfigurationList;
			buildConfigurations = (
				DEB54EEA2A9342D3004BCBC4 /* Debug */,
				DEB54EEB2A9342D3004BCBC4 /* Release */,
			);
			defaultConfigurationIsVisible = 0;
			defaultConfigurationName = Release;
		};
		DEB54EEC2A9342D3004BCBC4 /* Build configuration list for PBXNativeTarget "StocksApp-SwiftUI" */ = {
			isa = XCConfigurationList;
			buildConfigurations = (
				DEB54EED2A9342D3004BCBC4 /* Debug */,
				DEB54EEE2A9342D3004BCBC4 /* Release */,
			);
			defaultConfigurationIsVisible = 0;
			defaultConfigurationName = Release;
		};
/* End XCConfigurationList section */
	};
	rootObject = DEB54ED62A9342D2004BCBC4 /* Project object */;
}
